
Microsoft Visual Studio Solution File, Format Version 12.00
# Visual Studio Version 17
VisualStudioVersion = 17.5.33627.172
MinimumVisualStudioVersion = 10.0.40219.1
Project("{FAE04EC0-301F-11D3-BF4B-00C04F79EFBC}") = "Attendance_Management_System.Domain", "Attendance_Management_System.Domain.csproj", "{2EBBE2C3-0265-4366-8BB8-D36A855C00B7}"
EndProject
Project("{FAE04EC0-301F-11D3-BF4B-00C04F79EFBC}") = "Attendance_Management_System.Application", "..\Attendance_Management_System.Application\Attendance_Management_System.Application.csproj", "{7542A7E5-F27E-49A3-BFF4-A2838B0A5E4A}"
EndProject
Project("{FAE04EC0-301F-11D3-BF4B-00C04F79EFBC}") = "Attendance_Management_System.Infrastructure", "..\Attendance_Management_System.Infrastructure\Attendance_Management_System.Infrastructure.csproj", "{63013CA3-9B9C-4FB8-9019-433FD606BB38}"
EndProject
Global
	GlobalSection(SolutionConfigurationPlatforms) = preSolution
		Debug|Any CPU = Debug|Any CPU
		Release|Any CPU = Release|Any CPU
	EndGlobalSection
	GlobalSection(ProjectConfigurationPlatforms) = postSolution
		{2EBBE2C3-0265-4366-8BB8-D36A855C00B7}.Debug|Any CPU.ActiveCfg = Debug|Any CPU
		{2EBBE2C3-0265-4366-8BB8-D36A855C00B7}.Debug|Any CPU.Build.0 = Debug|Any CPU
		{2EBBE2C3-0265-4366-8BB8-D36A855C00B7}.Release|Any CPU.ActiveCfg = Release|Any CPU
		{2EBBE2C3-0265-4366-8BB8-D36A855C00B7}.Release|Any CPU.Build.0 = Release|Any CPU
		{7542A7E5-F27E-49A3-BFF4-A2838B0A5E4A}.Debug|Any CPU.ActiveCfg = Debug|Any CPU
		{7542A7E5-F27E-49A3-BFF4-A2838B0A5E4A}.Debug|Any CPU.Build.0 = Debug|Any CPU
		{7542A7E5-F27E-49A3-BFF4-A2838B0A5E4A}.Release|Any CPU.ActiveCfg = Release|Any CPU
		{7542A7E5-F27E-49A3-BFF4-A2838B0A5E4A}.Release|Any CPU.Build.0 = Release|Any CPU
		{63013CA3-9B9C-4FB8-9019-433FD606BB38}.Debug|Any CPU.ActiveCfg = Debug|Any CPU
		{63013CA3-9B9C-4FB8-9019-433FD606BB38}.Debug|Any CPU.Build.0 = Debug|Any CPU
		{63013CA3-9B9C-4FB8-9019-433FD606BB38}.Release|Any CPU.ActiveCfg = Release|Any CPU
		{63013CA3-9B9C-4FB8-9019-433FD606BB38}.Release|Any CPU.Build.0 = Release|Any CPU
	EndGlobalSection
	GlobalSection(SolutionProperties) = preSolution
		HideSolutionNode = FALSE
	EndGlobalSection
	GlobalSection(ExtensibilityGlobals) = postSolution
		SolutionGuid = {2C2CDFB9-EA50-4B37-B3D7-FBDBB5AC2247}
	EndGlobalSection
EndGlobal
